
Microsoft Visual Studio Solution File, Format Version 12.00
# Visual Studio Version 17
VisualStudioVersion = 17.7.34221.43
MinimumVisualStudioVersion = 10.0.40219.1
Project("{FAE04EC0-301F-11D3-BF4B-00C04F79EFBC}") = "ExcelAddInUSZN", "ExcelAddInUSZN\ExcelAddInUSZN.csproj", "{8E7F3B4F-5DC5-485E-9257-29CE1E5D5372}"
EndProject
Global
	GlobalSection(SolutionConfigurationPlatforms) = preSolution
		Debug|Any CPU = Debug|Any CPU
		Release|Any CPU = Release|Any CPU
	EndGlobalSection
	GlobalSection(ProjectConfigurationPlatforms) = postSolution
		{8E7F3B4F-5DC5-485E-9257-29CE1E5D5372}.Debug|Any CPU.ActiveCfg = Debug|Any CPU
		{8E7F3B4F-5DC5-485E-9257-29CE1E5D5372}.Debug|Any CPU.Build.0 = Debug|Any CPU
		{8E7F3B4F-5DC5-485E-9257-29CE1E5D5372}.Release|Any CPU.ActiveCfg = Release|Any CPU
		{8E7F3B4F-5DC5-485E-9257-29CE1E5D5372}.Release|Any CPU.Build.0 = Release|Any CPU
	EndGlobalSection
	GlobalSection(SolutionProperties) = preSolution
		HideSolutionNode = FALSE
	EndGlobalSection
	GlobalSection(ExtensibilityGlobals) = postSolution
		SolutionGuid = {107BE74C-E27C-47E8-897F-1304B7912D82}
	EndGlobalSection
EndGlobal
